// !$*UTF8*$!
{
	archiveVersion = 1;
	classes = {};
	objectVersion = 60;
	objects = {
		A10000000000000000000001 = {isa = PBXProject; attributes = {LastSwiftUpdateCheck = 1600; LastUpgradeCheck = 1600;}; buildConfigurationList = A10000000000000000000010; compatibilityVersion = "Xcode 15.0"; developmentRegion = en; hasScannedForEncodings = 0; knownRegions = (en, Base); mainGroup = A10000000000000000000002; productRefGroup = A10000000000000000000005; projectDirPath = ""; projectRoot = ""; targets = (A10000000000000000000003,);};
		A10000000000000000000002 = {isa = PBXGroup; children = (A10000000000000000000006, A10000000000000000000005,); sourceTree = "<group>";};
		A10000000000000000000003 = {isa = PBXNativeTarget; buildConfigurationList = A10000000000000000000011; buildPhases = (A10000000000000000000004,); buildRules = (); dependencies = (); name = SwarmUITests; productName = SwarmUITests; productReference = A10000000000000000000007; productType = "com.apple.product-type.bundle.ui-testing";};
		A10000000000000000000004 = {isa = PBXSourcesBuildPhase; buildActionMask = 2147483647; files = (A10000000000000000000009,); runOnlyForDeploymentPostprocessing = 0;};
		A10000000000000000000005 = {isa = PBXGroup; children = (A10000000000000000000007,); name = Products; sourceTree = "<group>";};
		A10000000000000000000006 = {isa = PBXFileReference; lastKnownFileType = sourcecode.swift; path = SwarmUITests.swift; sourceTree = "<group>";};
		A10000000000000000000007 = {isa = PBXFileReference; explicitFileType = wrapper.cfbundle; includeInIndex = 0; path = SwarmUITests.xctest; sourceTree = BUILT_PRODUCTS_DIR;};
		A10000000000000000000009 = {isa = PBXBuildFile; fileRef = A10000000000000000000006;};
		A10000000000000000000010 = {isa = XCConfigurationList; buildConfigurations = (A10000000000000000000012, A10000000000000000000013,); defaultConfigurationIsVisible = 0; defaultConfigurationName = Release;};
		A10000000000000000000011 = {isa = XCConfigurationList; buildConfigurations = (A10000000000000000000014, A10000000000000000000015,); defaultConfigurationIsVisible = 0; defaultConfigurationName = Release;};
		A10000000000000000000012 = {isa = XCBuildConfiguration; buildSettings = {MACOSX_DEPLOYMENT_TARGET = 26.0; SDKROOT = macosx;}; name = Debug;};
		A10000000000000000000013 = {isa = XCBuildConfiguration; buildSettings = {MACOSX_DEPLOYMENT_TARGET = 26.0; SDKROOT = macosx;}; name = Release;};
		A10000000000000000000014 = {isa = XCBuildConfiguration; buildSettings = {CODE_SIGNING_ALLOWED = NO; GENERATE_INFOPLIST_FILE = YES; MACOSX_DEPLOYMENT_TARGET = 26.0; PRODUCT_BUNDLE_IDENTIFIER = com.samoilev.swarm.uitests; PRODUCT_NAME = "$(TARGET_NAME)"; SWIFT_VERSION = 5.0; TEST_TARGET_NAME = Swarm;}; name = Debug;};
		A10000000000000000000015 = {isa = XCBuildConfiguration; buildSettings = {CODE_SIGNING_ALLOWED = NO; GENERATE_INFOPLIST_FILE = YES; MACOSX_DEPLOYMENT_TARGET = 26.0; PRODUCT_BUNDLE_IDENTIFIER = com.samoilev.swarm.uitests; PRODUCT_NAME = "$(TARGET_NAME)"; SWIFT_VERSION = 5.0; TEST_TARGET_NAME = Swarm;}; name = Release;};
	};
	rootObject = A10000000000000000000001;
}
